
Microsoft Visual Studio Solution File, Format Version 12.00
# Visual Studio Version 17
VisualStudioVersion = 17.3.32819.101
MinimumVisualStudioVersion = 10.0.40219.1
Project("{9A19103F-16F7-4668-BE54-9A1E7A4F7556}") = "M320", "M320\M320.csproj", "{5CD8DF2F-BA22-46EA-AD30-4D2AE67F7079}"
EndProject
Project("{9A19103F-16F7-4668-BE54-9A1E7A4F7556}") = "Shapes", "Shapes\Shapes.csproj", "{6AB148FA-C4A2-41D9-90C3-5F3DE13D883B}"
EndProject
Project("{9A19103F-16F7-4668-BE54-9A1E7A4F7556}") = "Calculator", "Calculator\Calculator.csproj", "{911977AE-90C6-4B2C-B00B-966EFD365F3E}"
EndProject
Project("{9A19103F-16F7-4668-BE54-9A1E7A4F7556}") = "Constructors", "Constructors\Constructors.csproj", "{F0BD1E03-48A5-47F1-B194-D79858BD43F3}"
EndProject
Project("{9A19103F-16F7-4668-BE54-9A1E7A4F7556}") = "Klassendiagramm", "Klassendiagramm\Klassendiagramm.csproj", "{A521991E-7AE1-45C8-97F1-C303236305C9}"
EndProject
Project("{9A19103F-16F7-4668-BE54-9A1E7A4F7556}") = "Wut", "Kapselung\Wut.csproj", "{985470A5-7445-4D7E-B700-ED5A3FA5EC07}"
EndProject
Project("{9A19103F-16F7-4668-BE54-9A1E7A4F7556}") = "Assotiation", "Assotiation\Assotiation.csproj", "{83D3903F-EF09-4092-8B1D-AEE45EC1169B}"
EndProject
Project("{9A19103F-16F7-4668-BE54-9A1E7A4F7556}") = "Komposition_Hotel", "Komposition_Hotel\Komposition_Hotel.csproj", "{ACE69164-3334-4825-94E5-51C1765C60FF}"
EndProject
Project("{9A19103F-16F7-4668-BE54-9A1E7A4F7556}") = "Vererbung", "Vererbung\Vererbung.csproj", "{31F58CD5-DC77-4EEB-9E0C-297DD46C5D35}"
EndProject
Project("{9A19103F-16F7-4668-BE54-9A1E7A4F7556}") = "Figures", "Figures\Figures.csproj", "{97580CED-27FA-4C0A-9627-7634194A8EE4}"
EndProject
Project("{9A19103F-16F7-4668-BE54-9A1E7A4F7556}") = "Geometrische_Figuren", "Geometrische_Figuren\Geometrische_Figuren.csproj", "{4C5C0FB6-DCD3-429B-AADA-A4CDA7D7F845}"
EndProject
Project("{9A19103F-16F7-4668-BE54-9A1E7A4F7556}") = "Exam_M320_BruelisauerManuel", "Exam_M320_BruelisauerManuel\Exam_M320_BruelisauerManuel.csproj", "{D6AEC477-79C9-47D5-8B76-6C67EE5A3E64}"
EndProject
Project("{9A19103F-16F7-4668-BE54-9A1E7A4F7556}") = "Exam_M320_BruelisauerManuel_Test", "Exam_M320_BruelisauerManuel_Test\Exam_M320_BruelisauerManuel_Test.csproj", "{52AF1FF4-97FE-43A7-B249-72D882FBAA97}"
EndProject
Project("{FAE04EC0-301F-11D3-BF4B-00C04F79EFBC}") = "SmartHomeSimulation", "SmartHomeSimulation\SmartHomeSimulation.csproj", "{69A7B9EE-ECFB-4486-B365-85D079D1ADF2}"
EndProject
Global
	GlobalSection(SolutionConfigurationPlatforms) = preSolution
		Debug|Any CPU = Debug|Any CPU
		Release|Any CPU = Release|Any CPU
	EndGlobalSection
	GlobalSection(ProjectConfigurationPlatforms) = postSolution
		{5CD8DF2F-BA22-46EA-AD30-4D2AE67F7079}.Debug|Any CPU.ActiveCfg = Debug|Any CPU
		{5CD8DF2F-BA22-46EA-AD30-4D2AE67F7079}.Debug|Any CPU.Build.0 = Debug|Any CPU
		{5CD8DF2F-BA22-46EA-AD30-4D2AE67F7079}.Release|Any CPU.ActiveCfg = Release|Any CPU
		{5CD8DF2F-BA22-46EA-AD30-4D2AE67F7079}.Release|Any CPU.Build.0 = Release|Any CPU
		{6AB148FA-C4A2-41D9-90C3-5F3DE13D883B}.Debug|Any CPU.ActiveCfg = Debug|Any CPU
		{6AB148FA-C4A2-41D9-90C3-5F3DE13D883B}.Debug|Any CPU.Build.0 = Debug|Any CPU
		{6AB148FA-C4A2-41D9-90C3-5F3DE13D883B}.Release|Any CPU.ActiveCfg = Release|Any CPU
		{6AB148FA-C4A2-41D9-90C3-5F3DE13D883B}.Release|Any CPU.Build.0 = Release|Any CPU
		{911977AE-90C6-4B2C-B00B-966EFD365F3E}.Debug|Any CPU.ActiveCfg = Debug|Any CPU
		{911977AE-90C6-4B2C-B00B-966EFD365F3E}.Debug|Any CPU.Build.0 = Debug|Any CPU
		{911977AE-90C6-4B2C-B00B-966EFD365F3E}.Release|Any CPU.ActiveCfg = Release|Any CPU
		{911977AE-90C6-4B2C-B00B-966EFD365F3E}.Release|Any CPU.Build.0 = Release|Any CPU
		{F0BD1E03-48A5-47F1-B194-D79858BD43F3}.Debug|Any CPU.ActiveCfg = Debug|Any CPU
		{F0BD1E03-48A5-47F1-B194-D79858BD43F3}.Debug|Any CPU.Build.0 = Debug|Any CPU
		{F0BD1E03-48A5-47F1-B194-D79858BD43F3}.Release|Any CPU.ActiveCfg = Release|Any CPU
		{F0BD1E03-48A5-47F1-B194-D79858BD43F3}.Release|Any CPU.Build.0 = Release|Any CPU
		{A521991E-7AE1-45C8-97F1-C303236305C9}.Debug|Any CPU.ActiveCfg = Debug|Any CPU
		{A521991E-7AE1-45C8-97F1-C303236305C9}.Debug|Any CPU.Build.0 = Debug|Any CPU
		{A521991E-7AE1-45C8-97F1-C303236305C9}.Release|Any CPU.ActiveCfg = Release|Any CPU
		{A521991E-7AE1-45C8-97F1-C303236305C9}.Release|Any CPU.Build.0 = Release|Any CPU
		{985470A5-7445-4D7E-B700-ED5A3FA5EC07}.Debug|Any CPU.ActiveCfg = Debug|Any CPU
		{985470A5-7445-4D7E-B700-ED5A3FA5EC07}.Debug|Any CPU.Build.0 = Debug|Any CPU
		{985470A5-7445-4D7E-B700-ED5A3FA5EC07}.Release|Any CPU.ActiveCfg = Release|Any CPU
		{985470A5-7445-4D7E-B700-ED5A3FA5EC07}.Release|Any CPU.Build.0 = Release|Any CPU
		{83D3903F-EF09-4092-8B1D-AEE45EC1169B}.Debug|Any CPU.ActiveCfg = Debug|Any CPU
		{83D3903F-EF09-4092-8B1D-AEE45EC1169B}.Debug|Any CPU.Build.0 = Debug|Any CPU
		{83D3903F-EF09-4092-8B1D-AEE45EC1169B}.Release|Any CPU.ActiveCfg = Release|Any CPU
		{83D3903F-EF09-4092-8B1D-AEE45EC1169B}.Release|Any CPU.Build.0 = Release|Any CPU
		{ACE69164-3334-4825-94E5-51C1765C60FF}.Debug|Any CPU.ActiveCfg = Debug|Any CPU
		{ACE69164-3334-4825-94E5-51C1765C60FF}.Debug|Any CPU.Build.0 = Debug|Any CPU
		{ACE69164-3334-4825-94E5-51C1765C60FF}.Release|Any CPU.ActiveCfg = Release|Any CPU
		{ACE69164-3334-4825-94E5-51C1765C60FF}.Release|Any CPU.Build.0 = Release|Any CPU
		{31F58CD5-DC77-4EEB-9E0C-297DD46C5D35}.Debug|Any CPU.ActiveCfg = Debug|Any CPU
		{31F58CD5-DC77-4EEB-9E0C-297DD46C5D35}.Debug|Any CPU.Build.0 = Debug|Any CPU
		{31F58CD5-DC77-4EEB-9E0C-297DD46C5D35}.Release|Any CPU.ActiveCfg = Release|Any CPU
		{31F58CD5-DC77-4EEB-9E0C-297DD46C5D35}.Release|Any CPU.Build.0 = Release|Any CPU
		{97580CED-27FA-4C0A-9627-7634194A8EE4}.Debug|Any CPU.ActiveCfg = Debug|Any CPU
		{97580CED-27FA-4C0A-9627-7634194A8EE4}.Debug|Any CPU.Build.0 = Debug|Any CPU
		{97580CED-27FA-4C0A-9627-7634194A8EE4}.Release|Any CPU.ActiveCfg = Release|Any CPU
		{97580CED-27FA-4C0A-9627-7634194A8EE4}.Release|Any CPU.Build.0 = Release|Any CPU
		{4C5C0FB6-DCD3-429B-AADA-A4CDA7D7F845}.Debug|Any CPU.ActiveCfg = Debug|Any CPU
		{4C5C0FB6-DCD3-429B-AADA-A4CDA7D7F845}.Debug|Any CPU.Build.0 = Debug|Any CPU
		{4C5C0FB6-DCD3-429B-AADA-A4CDA7D7F845}.Release|Any CPU.ActiveCfg = Release|Any CPU
		{4C5C0FB6-DCD3-429B-AADA-A4CDA7D7F845}.Release|Any CPU.Build.0 = Release|Any CPU
		{D6AEC477-79C9-47D5-8B76-6C67EE5A3E64}.Debug|Any CPU.ActiveCfg = Debug|Any CPU
		{D6AEC477-79C9-47D5-8B76-6C67EE5A3E64}.Debug|Any CPU.Build.0 = Debug|Any CPU
		{D6AEC477-79C9-47D5-8B76-6C67EE5A3E64}.Release|Any CPU.ActiveCfg = Release|Any CPU
		{D6AEC477-79C9-47D5-8B76-6C67EE5A3E64}.Release|Any CPU.Build.0 = Release|Any CPU
		{52AF1FF4-97FE-43A7-B249-72D882FBAA97}.Debug|Any CPU.ActiveCfg = Debug|Any CPU
		{52AF1FF4-97FE-43A7-B249-72D882FBAA97}.Debug|Any CPU.Build.0 = Debug|Any CPU
		{52AF1FF4-97FE-43A7-B249-72D882FBAA97}.Release|Any CPU.ActiveCfg = Release|Any CPU
		{52AF1FF4-97FE-43A7-B249-72D882FBAA97}.Release|Any CPU.Build.0 = Release|Any CPU
		{69A7B9EE-ECFB-4486-B365-85D079D1ADF2}.Debug|Any CPU.ActiveCfg = Debug|Any CPU
		{69A7B9EE-ECFB-4486-B365-85D079D1ADF2}.Debug|Any CPU.Build.0 = Debug|Any CPU
		{69A7B9EE-ECFB-4486-B365-85D079D1ADF2}.Release|Any CPU.ActiveCfg = Release|Any CPU
		{69A7B9EE-ECFB-4486-B365-85D079D1ADF2}.Release|Any CPU.Build.0 = Release|Any CPU
	EndGlobalSection
	GlobalSection(SolutionProperties) = preSolution
		HideSolutionNode = FALSE
	EndGlobalSection
	GlobalSection(ExtensibilityGlobals) = postSolution
		SolutionGuid = {69F4BEAB-A5DD-4607-A10C-11658F49FD94}
	EndGlobalSection
EndGlobal
